Microsoft Visual Studio Solution File, Format Version 8.00
Project("{8BC9CEB8-8B4A-11D0-8D11-00A0C91BC942}") = "VdwLibs", "VdwLibs2003.vcproj", "{A92EE9A5-7E73-4FF0-A5D5-6ECC18875F81}"
	ProjectSection(ProjectDependencies) = postProject
	EndProjectSection
EndProject
Project("{8BC9CEB8-8B4A-11D0-8D11-00A0C91BC942}") = "NdisWdm", "NdisWdm2003.vcproj", "{2986EACE-A82A-447E-89D4-999487B4587D}"
	ProjectSection(ProjectDependencies) = postProject
	EndProjectSection
EndProject
Global
	GlobalSection(SolutionConfiguration) = preSolution
		IA64 NT4 Checked = IA64 NT4 Checked
		IA64 NT4 Free = IA64 NT4 Free
		IA64 WDM Checked = IA64 WDM Checked
		IA64 WDM Free = IA64 WDM Free
		AMD64 NT4 Checked = AMD64 NT4 Checked
		AMD64 NT4 Free = AMD64 NT4 Free
		AMD64 WDM Checked = AMD64 WDM Checked
		AMD64 WDM Free = AMD64 WDM Free
		Win32 NT4 Checked = Win32 NT4 Checked
		Win32 NT4 Free = Win32 NT4 Free
		Win32 WDM Checked = Win32 WDM Checked
		Win32 WDM Free = Win32 WDM Free
	EndGlobalSection
	GlobalSection(ProjectConfiguration) = postSolution
		{A92EE9A5-7E73-4FF0-A5D5-6ECC18875F81}.IA64 NT4 Checked.ActiveCfg = IA64 NT4 Checked|Win32
		{A92EE9A5-7E73-4FF0-A5D5-6ECC18875F81}.IA64 NT4 Checked.Build.0 = IA64 NT4 Checked|Win32
		{A92EE9A5-7E73-4FF0-A5D5-6ECC18875F81}.IA64 NT4 Free.ActiveCfg = IA64 NT4 Free|Win32
		{A92EE9A5-7E73-4FF0-A5D5-6ECC18875F81}.IA64 NT4 Free.Build.0 = IA64 NT4 Free|Win32
		{A92EE9A5-7E73-4FF0-A5D5-6ECC18875F81}.IA64 WDM Checked.ActiveCfg = IA64 WDM Checked|Win32
		{A92EE9A5-7E73-4FF0-A5D5-6ECC18875F81}.IA64 WDM Checked.Build.0 = IA64 WDM Checked|Win32
		{A92EE9A5-7E73-4FF0-A5D5-6ECC18875F81}.IA64 WDM Free.ActiveCfg = IA64 WDM Free|Win32
		{A92EE9A5-7E73-4FF0-A5D5-6ECC18875F81}.IA64 WDM Free.Build.0 = IA64 WDM Free|Win32
		{A92EE9A5-7E73-4FF0-A5D5-6ECC18875F81}.AMD64 NT4 Checked.ActiveCfg = AMD64 NT4 Checked|Win32
		{A92EE9A5-7E73-4FF0-A5D5-6ECC18875F81}.AMD64 NT4 Checked.Build.0 = AMD64 NT4 Checked|Win32
		{A92EE9A5-7E73-4FF0-A5D5-6ECC18875F81}.AMD64 NT4 Free.ActiveCfg = AMD64 NT4 Free|Win32
		{A92EE9A5-7E73-4FF0-A5D5-6ECC18875F81}.AMD64 NT4 Free.Build.0 = AMD64 NT4 Free|Win32
		{A92EE9A5-7E73-4FF0-A5D5-6ECC18875F81}.AMD64 WDM Checked.ActiveCfg = AMD64 WDM Checked|Win32
		{A92EE9A5-7E73-4FF0-A5D5-6ECC18875F81}.AMD64 WDM Checked.Build.0 = AMD64 WDM Checked|Win32
		{A92EE9A5-7E73-4FF0-A5D5-6ECC18875F81}.AMD64 WDM Free.ActiveCfg = AMD64 WDM Free|Win32
		{A92EE9A5-7E73-4FF0-A5D5-6ECC18875F81}.AMD64 WDM Free.Build.0 = AMD64 WDM Free|Win32
		{A92EE9A5-7E73-4FF0-A5D5-6ECC18875F81}.Win32 NT4 Checked.ActiveCfg = Win32 NT4 Checked|Win32
		{A92EE9A5-7E73-4FF0-A5D5-6ECC18875F81}.Win32 NT4 Checked.Build.0 = Win32 NT4 Checked|Win32
		{A92EE9A5-7E73-4FF0-A5D5-6ECC18875F81}.Win32 NT4 Free.ActiveCfg = Win32 NT4 Free|Win32
		{A92EE9A5-7E73-4FF0-A5D5-6ECC18875F81}.Win32 NT4 Free.Build.0 = Win32 NT4 Free|Win32
		{A92EE9A5-7E73-4FF0-A5D5-6ECC18875F81}.Win32 WDM Checked.ActiveCfg = Win32 WDM Checked|Win32
		{A92EE9A5-7E73-4FF0-A5D5-6ECC18875F81}.Win32 WDM Checked.Build.0 = Win32 WDM Checked|Win32
		{A92EE9A5-7E73-4FF0-A5D5-6ECC18875F81}.Win32 WDM Free.ActiveCfg = Win32 WDM Free|Win32
		{A92EE9A5-7E73-4FF0-A5D5-6ECC18875F81}.Win32 WDM Free.Build.0 = Win32 WDM Free|Win32
		{2986EACE-A82A-447E-89D4-999487B4587D}.IA64 WDM Checked.ActiveCfg = IA64 WDM Checked|Win32
		{2986EACE-A82A-447E-89D4-999487B4587D}.IA64 WDM Checked.Build.0 = IA64 WDM Checked|Win32
		{2986EACE-A82A-447E-89D4-999487B4587D}.IA64 WDM Free.ActiveCfg = IA64 WDM Free|Win32
		{2986EACE-A82A-447E-89D4-999487B4587D}.IA64 WDM Free.Build.0 = IA64 WDM Free|Win32
		{2986EACE-A82A-447E-89D4-999487B4587D}.AMD64 WDM Checked.ActiveCfg = AMD64 WDM Checked|Win32
		{2986EACE-A82A-447E-89D4-999487B4587D}.AMD64 WDM Checked.Build.0 = AMD64 WDM Checked|Win32
		{2986EACE-A82A-447E-89D4-999487B4587D}.AMD64 WDM Free.ActiveCfg = AMD64 WDM Free|Win32
		{2986EACE-A82A-447E-89D4-999487B4587D}.AMD64 WDM Free.Build.0 = AMD64 WDM Free|Win32
		{2986EACE-A82A-447E-89D4-999487B4587D}.Win32 WDM Checked.ActiveCfg = Win32 WDM Checked|Win32
		{2986EACE-A82A-447E-89D4-999487B4587D}.Win32 WDM Checked.Build.0 = Win32 WDM Checked|Win32
		{2986EACE-A82A-447E-89D4-999487B4587D}.Win32 WDM Free.ActiveCfg = Win32 WDM Free|Win32
		{2986EACE-A82A-447E-89D4-999487B4587D}.Win32 WDM Free.Build.0 = Win32 WDM Free|Win32
	EndGlobalSection
	GlobalSection(ExtensibilityGlobals) = postSolution
	EndGlobalSection
	GlobalSection(ExtensibilityAddIns) = postSolution
	EndGlobalSection
EndGlobal
