Microsoft Visual Studio Solution File, Format Version 8.00
Project("{8BC9CEB8-8B4A-11D0-8D11-00A0C91BC942}") = "TdiClient", "tdiclient\tdiclient2003.vcproj", "{8C148C16-9347-4250-BB14-6675ED508188}"
	ProjectSection(ProjectDependencies) = postProject
	EndProjectSection
EndProject
Project("{8BC9CEB8-8B4A-11D0-8D11-00A0C91BC942}") = "KNdisMp", "KNdisMp2003.vcproj", "{60C70DFD-48D2-4D42-8EE5-B98261FFD594}"
	ProjectSection(ProjectDependencies) = postProject
	EndProjectSection
EndProject
Project("{8BC9CEB8-8B4A-11D0-8D11-00A0C91BC942}") = "KNdisPt", "KNdisPt2003.vcproj", "{2C4A51C2-BDE2-4234-9131-F1EF09553C30}"
	ProjectSection(ProjectDependencies) = postProject
	EndProjectSection
EndProject
Project("{8BC9CEB8-8B4A-11D0-8D11-00A0C91BC942}") = "NotifyObject", "Notify\Notify2003.vcproj", "{AA747315-6DC0-4199-8DEC-6F52CFB0676F}"
	ProjectSection(ProjectDependencies) = postProject
	EndProjectSection
EndProject
Global
	GlobalSection(SolutionConfiguration) = preSolution
		AMD64 Debug = AMD64 Debug
		AMD64 NDIS 5.1 Checked = AMD64 NDIS 5.1 Checked
		AMD64 NDIS 5.1 Free = AMD64 NDIS 5.1 Free
		AMD64 Release = AMD64 Release
		IA64 Debug = IA64 Debug
		IA64 NDIS 5.1 Checked = IA64 NDIS 5.1 Checked
		IA64 NDIS 5.1 Free = IA64 NDIS 5.1 Free
		IA64 Release = IA64 Release
		Win32 Debug = Win32 Debug
		Win32 NDIS 5.1 Checked = Win32 NDIS 5.1 Checked
		Win32 NDIS 5.1 Free = Win32 NDIS 5.1 Free
		Win32 Release = Win32 Release
	EndGlobalSection
	GlobalSection(ProjectDependencies) = postSolution
	EndGlobalSection
	GlobalSection(ProjectConfiguration) = postSolution
		{8C148C16-9347-4250-BB14-6675ED508188}.AMD64 Debug.ActiveCfg = AMD64 Debug|Win32
		{8C148C16-9347-4250-BB14-6675ED508188}.AMD64 Debug.Build.0 = AMD64 Debug|Win32
		{8C148C16-9347-4250-BB14-6675ED508188}.AMD64 NDIS 5.1 Checked.ActiveCfg = AMD64 Debug|Win32
		{8C148C16-9347-4250-BB14-6675ED508188}.AMD64 NDIS 5.1 Free.ActiveCfg = AMD64 Release|Win32
		{8C148C16-9347-4250-BB14-6675ED508188}.AMD64 Release.ActiveCfg = AMD64 Release|Win32
		{8C148C16-9347-4250-BB14-6675ED508188}.AMD64 Release.Build.0 = AMD64 Release|Win32
		{8C148C16-9347-4250-BB14-6675ED508188}.IA64 Debug.ActiveCfg = IA64 Debug|Win32
		{8C148C16-9347-4250-BB14-6675ED508188}.IA64 Debug.Build.0 = IA64 Debug|Win32
		{8C148C16-9347-4250-BB14-6675ED508188}.IA64 NDIS 5.1 Checked.ActiveCfg = IA64 Debug|Win32
		{8C148C16-9347-4250-BB14-6675ED508188}.IA64 NDIS 5.1 Free.ActiveCfg = IA64 Release|Win32
		{8C148C16-9347-4250-BB14-6675ED508188}.IA64 Release.ActiveCfg = IA64 Release|Win32
		{8C148C16-9347-4250-BB14-6675ED508188}.IA64 Release.Build.0 = IA64 Release|Win32
		{8C148C16-9347-4250-BB14-6675ED508188}.Win32 Debug.ActiveCfg = Win32 Debug|Win32
		{8C148C16-9347-4250-BB14-6675ED508188}.Win32 Debug.Build.0 = Win32 Debug|Win32
		{8C148C16-9347-4250-BB14-6675ED508188}.Win32 NDIS 5.1 Checked.ActiveCfg = Win32 Debug|Win32
		{8C148C16-9347-4250-BB14-6675ED508188}.Win32 NDIS 5.1 Free.ActiveCfg = Win32 Release|Win32
		{8C148C16-9347-4250-BB14-6675ED508188}.Win32 Release.ActiveCfg = Win32 Release|Win32
		{8C148C16-9347-4250-BB14-6675ED508188}.Win32 Release.Build.0 = Win32 Release|Win32
		{60C70DFD-48D2-4D42-8EE5-B98261FFD594}.AMD64 Debug.ActiveCfg = AMD64 NDIS 5.1 Checked|Win32
		{60C70DFD-48D2-4D42-8EE5-B98261FFD594}.AMD64 NDIS 5.1 Checked.ActiveCfg = AMD64 NDIS 5.1 Checked|Win32
		{60C70DFD-48D2-4D42-8EE5-B98261FFD594}.AMD64 NDIS 5.1 Checked.Build.0 = AMD64 NDIS 5.1 Checked|Win32
		{60C70DFD-48D2-4D42-8EE5-B98261FFD594}.AMD64 NDIS 5.1 Free.ActiveCfg = AMD64 NDIS 5.1 Free|Win32
		{60C70DFD-48D2-4D42-8EE5-B98261FFD594}.AMD64 NDIS 5.1 Free.Build.0 = AMD64 NDIS 5.1 Free|Win32
		{60C70DFD-48D2-4D42-8EE5-B98261FFD594}.AMD64 Release.ActiveCfg = AMD64 NDIS 5.1 Free|Win32
		{60C70DFD-48D2-4D42-8EE5-B98261FFD594}.IA64 Debug.ActiveCfg = IA64 NDIS 5.1 Checked|Win32
		{60C70DFD-48D2-4D42-8EE5-B98261FFD594}.IA64 NDIS 5.1 Checked.ActiveCfg = IA64 NDIS 5.1 Checked|Win32
		{60C70DFD-48D2-4D42-8EE5-B98261FFD594}.IA64 NDIS 5.1 Checked.Build.0 = IA64 NDIS 5.1 Checked|Win32
		{60C70DFD-48D2-4D42-8EE5-B98261FFD594}.IA64 NDIS 5.1 Free.ActiveCfg = IA64 NDIS 5.1 Free|Win32
		{60C70DFD-48D2-4D42-8EE5-B98261FFD594}.IA64 NDIS 5.1 Free.Build.0 = IA64 NDIS 5.1 Free|Win32
		{60C70DFD-48D2-4D42-8EE5-B98261FFD594}.IA64 Release.ActiveCfg = IA64 NDIS 5.1 Free|Win32
		{60C70DFD-48D2-4D42-8EE5-B98261FFD594}.Win32 Debug.ActiveCfg = Win32 NDIS 5.1 Checked|Win32
		{60C70DFD-48D2-4D42-8EE5-B98261FFD594}.Win32 NDIS 5.1 Checked.ActiveCfg = Win32 NDIS 5.1 Checked|Win32
		{60C70DFD-48D2-4D42-8EE5-B98261FFD594}.Win32 NDIS 5.1 Checked.Build.0 = Win32 NDIS 5.1 Checked|Win32
		{60C70DFD-48D2-4D42-8EE5-B98261FFD594}.Win32 NDIS 5.1 Free.ActiveCfg = Win32 NDIS 5.1 Free|Win32
		{60C70DFD-48D2-4D42-8EE5-B98261FFD594}.Win32 NDIS 5.1 Free.Build.0 = Win32 NDIS 5.1 Free|Win32
		{60C70DFD-48D2-4D42-8EE5-B98261FFD594}.Win32 Release.ActiveCfg = Win32 NDIS 5.1 Free|Win32
		{2C4A51C2-BDE2-4234-9131-F1EF09553C30}.AMD64 Debug.ActiveCfg = AMD64 NDIS 5.1 Checked|Win32
		{2C4A51C2-BDE2-4234-9131-F1EF09553C30}.AMD64 NDIS 5.1 Checked.ActiveCfg = AMD64 NDIS 5.1 Checked|Win32
		{2C4A51C2-BDE2-4234-9131-F1EF09553C30}.AMD64 NDIS 5.1 Checked.Build.0 = AMD64 NDIS 5.1 Checked|Win32
		{2C4A51C2-BDE2-4234-9131-F1EF09553C30}.AMD64 NDIS 5.1 Free.ActiveCfg = AMD64 NDIS 5.1 Free|Win32
		{2C4A51C2-BDE2-4234-9131-F1EF09553C30}.AMD64 NDIS 5.1 Free.Build.0 = AMD64 NDIS 5.1 Free|Win32
		{2C4A51C2-BDE2-4234-9131-F1EF09553C30}.AMD64 Release.ActiveCfg = AMD64 NDIS 5.1 Free|Win32
		{2C4A51C2-BDE2-4234-9131-F1EF09553C30}.IA64 Debug.ActiveCfg = IA64 NDIS 5.1 Checked|Win32
		{2C4A51C2-BDE2-4234-9131-F1EF09553C30}.IA64 NDIS 5.1 Checked.ActiveCfg = IA64 NDIS 5.1 Checked|Win32
		{2C4A51C2-BDE2-4234-9131-F1EF09553C30}.IA64 NDIS 5.1 Checked.Build.0 = IA64 NDIS 5.1 Checked|Win32
		{2C4A51C2-BDE2-4234-9131-F1EF09553C30}.IA64 NDIS 5.1 Free.ActiveCfg = IA64 NDIS 5.1 Free|Win32
		{2C4A51C2-BDE2-4234-9131-F1EF09553C30}.IA64 NDIS 5.1 Free.Build.0 = IA64 NDIS 5.1 Free|Win32
		{2C4A51C2-BDE2-4234-9131-F1EF09553C30}.IA64 Release.ActiveCfg = IA64 NDIS 5.1 Free|Win32
		{2C4A51C2-BDE2-4234-9131-F1EF09553C30}.Win32 Debug.ActiveCfg = Win32 NDIS 5.1 Checked|Win32
		{2C4A51C2-BDE2-4234-9131-F1EF09553C30}.Win32 NDIS 5.1 Checked.ActiveCfg = Win32 NDIS 5.1 Checked|Win32
		{2C4A51C2-BDE2-4234-9131-F1EF09553C30}.Win32 NDIS 5.1 Checked.Build.0 = Win32 NDIS 5.1 Checked|Win32
		{2C4A51C2-BDE2-4234-9131-F1EF09553C30}.Win32 NDIS 5.1 Free.ActiveCfg = Win32 NDIS 5.1 Free|Win32
		{2C4A51C2-BDE2-4234-9131-F1EF09553C30}.Win32 NDIS 5.1 Free.Build.0 = Win32 NDIS 5.1 Free|Win32
		{2C4A51C2-BDE2-4234-9131-F1EF09553C30}.Win32 Release.ActiveCfg = Win32 NDIS 5.1 Free|Win32
		{AA747315-6DC0-4199-8DEC-6F52CFB0676F}.AMD64 Debug.ActiveCfg = AMD64 Debug|Win32
		{AA747315-6DC0-4199-8DEC-6F52CFB0676F}.AMD64 Debug.Build.0 = AMD64 Debug|Win32
		{AA747315-6DC0-4199-8DEC-6F52CFB0676F}.AMD64 NDIS 5.1 Checked.ActiveCfg = AMD64 Debug|Win32
		{AA747315-6DC0-4199-8DEC-6F52CFB0676F}.AMD64 NDIS 5.1 Free.ActiveCfg = AMD64 Release|Win32
		{AA747315-6DC0-4199-8DEC-6F52CFB0676F}.AMD64 Release.ActiveCfg = AMD64 Release|Win32
		{AA747315-6DC0-4199-8DEC-6F52CFB0676F}.AMD64 Release.Build.0 = AMD64 Release|Win32
		{AA747315-6DC0-4199-8DEC-6F52CFB0676F}.IA64 Debug.ActiveCfg = IA64 Debug|Win32
		{AA747315-6DC0-4199-8DEC-6F52CFB0676F}.IA64 Debug.Build.0 = IA64 Debug|Win32
		{AA747315-6DC0-4199-8DEC-6F52CFB0676F}.IA64 NDIS 5.1 Checked.ActiveCfg = IA64 Debug|Win32
		{AA747315-6DC0-4199-8DEC-6F52CFB0676F}.IA64 NDIS 5.1 Free.ActiveCfg = IA64 Release|Win32
		{AA747315-6DC0-4199-8DEC-6F52CFB0676F}.IA64 Release.ActiveCfg = IA64 Release|Win32
		{AA747315-6DC0-4199-8DEC-6F52CFB0676F}.IA64 Release.Build.0 = IA64 Release|Win32
		{AA747315-6DC0-4199-8DEC-6F52CFB0676F}.Win32 Debug.ActiveCfg = Win32 Debug|Win32
		{AA747315-6DC0-4199-8DEC-6F52CFB0676F}.Win32 Debug.Build.0 = Win32 Debug|Win32
		{AA747315-6DC0-4199-8DEC-6F52CFB0676F}.Win32 NDIS 5.1 Checked.ActiveCfg = Win32 Debug|Win32
		{AA747315-6DC0-4199-8DEC-6F52CFB0676F}.Win32 NDIS 5.1 Free.ActiveCfg = Win32 Release|Win32
		{AA747315-6DC0-4199-8DEC-6F52CFB0676F}.Win32 Release.ActiveCfg = Win32 Release|Win32
		{AA747315-6DC0-4199-8DEC-6F52CFB0676F}.Win32 Release.Build.0 = Win32 Release|Win32
	EndGlobalSection
	GlobalSection(ExtensibilityGlobals) = postSolution
	EndGlobalSection
	GlobalSection(ExtensibilityAddIns) = postSolution
	EndGlobalSection
EndGlobal
